
Microsoft Visual Studio Solution File, Format Version 12.00
# Visual Studio 14
VisualStudioVersion = 14.0.24720.0
MinimumVisualStudioVersion = 10.0.40219.1
Project("{FAE04EC0-301F-11D3-BF4B-00C04F79EFBC}") = "DemoRefactoring", "DemoRefactoring\DemoRefactoring.csproj", "{7571D395-98DC-4BBD-B72C-2AA459AB8D0C}"
EndProject
Project("{FAE04EC0-301F-11D3-BF4B-00C04F79EFBC}") = "UnitTestProject", "UnitTestProject\UnitTestProject.csproj", "{EC53C47D-765E-4E50-9721-85405776CD68}"
EndProject
Project("{FAE04EC0-301F-11D3-BF4B-00C04F79EFBC}") = "Solution", "Solution\Solution.csproj", "{BE10ABA6-A968-4AB4-9921-EB142E9D236A}"
EndProject
Global
	GlobalSection(SolutionConfigurationPlatforms) = preSolution
		Debug|Any CPU = Debug|Any CPU
		Release|Any CPU = Release|Any CPU
	EndGlobalSection
	GlobalSection(ProjectConfigurationPlatforms) = postSolution
		{7571D395-98DC-4BBD-B72C-2AA459AB8D0C}.Debug|Any CPU.ActiveCfg = Debug|Any CPU
		{7571D395-98DC-4BBD-B72C-2AA459AB8D0C}.Debug|Any CPU.Build.0 = Debug|Any CPU
		{7571D395-98DC-4BBD-B72C-2AA459AB8D0C}.Release|Any CPU.ActiveCfg = Release|Any CPU
		{7571D395-98DC-4BBD-B72C-2AA459AB8D0C}.Release|Any CPU.Build.0 = Release|Any CPU
		{EC53C47D-765E-4E50-9721-85405776CD68}.Debug|Any CPU.ActiveCfg = Debug|Any CPU
		{EC53C47D-765E-4E50-9721-85405776CD68}.Debug|Any CPU.Build.0 = Debug|Any CPU
		{EC53C47D-765E-4E50-9721-85405776CD68}.Release|Any CPU.ActiveCfg = Release|Any CPU
		{EC53C47D-765E-4E50-9721-85405776CD68}.Release|Any CPU.Build.0 = Release|Any CPU
		{BE10ABA6-A968-4AB4-9921-EB142E9D236A}.Debug|Any CPU.ActiveCfg = Debug|Any CPU
		{BE10ABA6-A968-4AB4-9921-EB142E9D236A}.Debug|Any CPU.Build.0 = Debug|Any CPU
		{BE10ABA6-A968-4AB4-9921-EB142E9D236A}.Release|Any CPU.ActiveCfg = Release|Any CPU
		{BE10ABA6-A968-4AB4-9921-EB142E9D236A}.Release|Any CPU.Build.0 = Release|Any CPU
	EndGlobalSection
	GlobalSection(SolutionProperties) = preSolution
		HideSolutionNode = FALSE
	EndGlobalSection
EndGlobal
