
Microsoft Visual Studio Solution File, Format Version 12.00
# Visual Studio 14
VisualStudioVersion = 14.0.24720.0
MinimumVisualStudioVersion = 10.0.40219.1
Project("{FAE04EC0-301F-11D3-BF4B-00C04F79EFBC}") = "Log4NetToRabbitMQ", "Log4NetToRabbitMQ\Log4NetToRabbitMQ.csproj", "{96170340-5178-47C7-8650-24085D40841F}"
EndProject
Project("{FAE04EC0-301F-11D3-BF4B-00C04F79EFBC}") = "Log4NetToElasticSearch", "Log4NetToElasticSearch\Log4NetToElasticSearch.csproj", "{7EDD19BD-D845-4980-92BE-48DAD3961F1D}"
EndProject
Global
	GlobalSection(SolutionConfigurationPlatforms) = preSolution
		Debug|Any CPU = Debug|Any CPU
		Release|Any CPU = Release|Any CPU
	EndGlobalSection
	GlobalSection(ProjectConfigurationPlatforms) = postSolution
		{96170340-5178-47C7-8650-24085D40841F}.Debug|Any CPU.ActiveCfg = Debug|Any CPU
		{96170340-5178-47C7-8650-24085D40841F}.Debug|Any CPU.Build.0 = Debug|Any CPU
		{96170340-5178-47C7-8650-24085D40841F}.Release|Any CPU.ActiveCfg = Release|Any CPU
		{96170340-5178-47C7-8650-24085D40841F}.Release|Any CPU.Build.0 = Release|Any CPU
		{7EDD19BD-D845-4980-92BE-48DAD3961F1D}.Debug|Any CPU.ActiveCfg = Debug|Any CPU
		{7EDD19BD-D845-4980-92BE-48DAD3961F1D}.Debug|Any CPU.Build.0 = Debug|Any CPU
		{7EDD19BD-D845-4980-92BE-48DAD3961F1D}.Release|Any CPU.ActiveCfg = Release|Any CPU
		{7EDD19BD-D845-4980-92BE-48DAD3961F1D}.Release|Any CPU.Build.0 = Release|Any CPU
	EndGlobalSection
	GlobalSection(SolutionProperties) = preSolution
		HideSolutionNode = FALSE
	EndGlobalSection
EndGlobal
