
Microsoft Visual Studio Solution File, Format Version 12.00
# Visual Studio 14
VisualStudioVersion = 14.0.25420.1
MinimumVisualStudioVersion = 10.0.40219.1
Project("{FAE04EC0-301F-11D3-BF4B-00C04F79EFBC}") = "Core", "Core\Core.csproj", "{B124DCE3-8CFC-4EDE-BE07-5B91A27DDAAA}"
EndProject
Project("{FAE04EC0-301F-11D3-BF4B-00C04F79EFBC}") = "Server", "Server\Server.csproj", "{DF8695B2-CA8E-4FBC-A44D-A97D8327C1A2}"
EndProject
Project("{FAE04EC0-301F-11D3-BF4B-00C04F79EFBC}") = "Client", "Client\Client.csproj", "{92132582-E618-446C-939D-40E81B5366C9}"
EndProject
Global
	GlobalSection(SolutionConfigurationPlatforms) = preSolution
		Debug|Any CPU = Debug|Any CPU
		Release|Any CPU = Release|Any CPU
	EndGlobalSection
	GlobalSection(ProjectConfigurationPlatforms) = postSolution
		{B124DCE3-8CFC-4EDE-BE07-5B91A27DDAAA}.Debug|Any CPU.ActiveCfg = Debug|Any CPU
		{B124DCE3-8CFC-4EDE-BE07-5B91A27DDAAA}.Debug|Any CPU.Build.0 = Debug|Any CPU
		{B124DCE3-8CFC-4EDE-BE07-5B91A27DDAAA}.Release|Any CPU.ActiveCfg = Release|Any CPU
		{B124DCE3-8CFC-4EDE-BE07-5B91A27DDAAA}.Release|Any CPU.Build.0 = Release|Any CPU
		{DF8695B2-CA8E-4FBC-A44D-A97D8327C1A2}.Debug|Any CPU.ActiveCfg = Debug|Any CPU
		{DF8695B2-CA8E-4FBC-A44D-A97D8327C1A2}.Debug|Any CPU.Build.0 = Debug|Any CPU
		{DF8695B2-CA8E-4FBC-A44D-A97D8327C1A2}.Release|Any CPU.ActiveCfg = Release|Any CPU
		{DF8695B2-CA8E-4FBC-A44D-A97D8327C1A2}.Release|Any CPU.Build.0 = Release|Any CPU
		{92132582-E618-446C-939D-40E81B5366C9}.Debug|Any CPU.ActiveCfg = Debug|Any CPU
		{92132582-E618-446C-939D-40E81B5366C9}.Debug|Any CPU.Build.0 = Debug|Any CPU
		{92132582-E618-446C-939D-40E81B5366C9}.Release|Any CPU.ActiveCfg = Release|Any CPU
		{92132582-E618-446C-939D-40E81B5366C9}.Release|Any CPU.Build.0 = Release|Any CPU
	EndGlobalSection
	GlobalSection(SolutionProperties) = preSolution
		HideSolutionNode = FALSE
	EndGlobalSection
EndGlobal
